// !$*UTF8*$!
{
	archiveVersion = 1;
	classes = {
	};
	objectVersion = 51;
	objects = {

/* Begin PBXBuildFile section */
		59087E05DCAEA77665D5E550 /* Pods_ZipChallengeTests.framework in Frameworks */ = {isa = PBXBuildFile; fileRef = 39662845DC8BAB8FBA2ADE94 /* Pods_ZipChallengeTests.framework */; };
		B0663707A366C3C96BBD0CF1 /* Pods_ZipChallenge.framework in Frameworks */ = {isa = PBXBuildFile; fileRef = 5587D11F3F52E4063B7280F0 /* Pods_ZipChallenge.framework */; };
		E106A85E2406B09F005F2F32 /* DateFormatter+Extension.swift in Sources */ = {isa = PBXBuildFile; fileRef = E106A85D2406B09F005F2F32 /* DateFormatter+Extension.swift */; };
		E106A86224075485005F2F32 /* Array+Extensions.swift in Sources */ = {isa = PBXBuildFile; fileRef = E106A86124075485005F2F32 /* Array+Extensions.swift */; };
		E106A86424079B23005F2F32 /* Connectivity+Extensions.swift in Sources */ = {isa = PBXBuildFile; fileRef = E106A86324079B23005F2F32 /* Connectivity+Extensions.swift */; };
		E167A5752402218E001F0DDB /* Stock+Extensions.swift in Sources */ = {isa = PBXBuildFile; fileRef = E167A5742402218E001F0DDB /* Stock+Extensions.swift */; };
		E167A57724022F78001F0DDB /* StockModel.swift in Sources */ = {isa = PBXBuildFile; fileRef = E167A57624022F78001F0DDB /* StockModel.swift */; };
		E167A5792402B4BF001F0DDB /* Error+Extensions.swift in Sources */ = {isa = PBXBuildFile; fileRef = E167A5782402B4BF001F0DDB /* Error+Extensions.swift */; };
		E167A57B2402B958001F0DDB /* Coordinator.swift in Sources */ = {isa = PBXBuildFile; fileRef = E167A57A2402B958001F0DDB /* Coordinator.swift */; };
		E167A57D2402BDAB001F0DDB /* Errors.swift in Sources */ = {isa = PBXBuildFile; fileRef = E167A57C2402BDAB001F0DDB /* Errors.swift */; };
		E167A57F2402C15A001F0DDB /* StockViewModel.swift in Sources */ = {isa = PBXBuildFile; fileRef = E167A57E2402C15A001F0DDB /* StockViewModel.swift */; };
		E167A5812402C16C001F0DDB /* FavoriteStockViewModel.swift in Sources */ = {isa = PBXBuildFile; fileRef = E167A5802402C16C001F0DDB /* FavoriteStockViewModel.swift */; };
		E167A5832402C180001F0DDB /* StockDetailViewModel.swift in Sources */ = {isa = PBXBuildFile; fileRef = E167A5822402C180001F0DDB /* StockDetailViewModel.swift */; };
		E167A5852402C18F001F0DDB /* SettingsViewModel.swift in Sources */ = {isa = PBXBuildFile; fileRef = E167A5842402C18F001F0DDB /* SettingsViewModel.swift */; };
		E167A5872402C1B4001F0DDB /* FavoriteStockViewController.swift in Sources */ = {isa = PBXBuildFile; fileRef = E167A5862402C1B4001F0DDB /* FavoriteStockViewController.swift */; };
		E167A5892402C1DA001F0DDB /* StockDetailViewController.swift in Sources */ = {isa = PBXBuildFile; fileRef = E167A5882402C1DA001F0DDB /* StockDetailViewController.swift */; };
		E167A58B2402C1F3001F0DDB /* SettingsViewController.swift in Sources */ = {isa = PBXBuildFile; fileRef = E167A58A2402C1F3001F0DDB /* SettingsViewController.swift */; };
		E167A58D2402C5B8001F0DDB /* StockTableViewCell.swift in Sources */ = {isa = PBXBuildFile; fileRef = E167A58C2402C5B8001F0DDB /* StockTableViewCell.swift */; };
		E167A5912402D59D001F0DDB /* UIApplication+Extensions.swift in Sources */ = {isa = PBXBuildFile; fileRef = E167A5902402D59D001F0DDB /* UIApplication+Extensions.swift */; };
		E167A5932402E000001F0DDB /* SettingsVersionTableViewCell.swift in Sources */ = {isa = PBXBuildFile; fileRef = E167A5922402E000001F0DDB /* SettingsVersionTableViewCell.swift */; };
		E167A5972402E030001F0DDB /* SettingsDarkModeTableViewCell.swift in Sources */ = {isa = PBXBuildFile; fileRef = E167A5962402E030001F0DDB /* SettingsDarkModeTableViewCell.swift */; };
		E16A6C6B24069BE00052A43E /* BaseStockViewController.swift in Sources */ = {isa = PBXBuildFile; fileRef = E16A6C6A24069BE00052A43E /* BaseStockViewController.swift */; };
		E16CF5D924036C2900FE5A4D /* ViewModelable.swift in Sources */ = {isa = PBXBuildFile; fileRef = E16CF5D824036C2900FE5A4D /* ViewModelable.swift */; };
		E16CF5DD2403975C00FE5A4D /* APIRepositoryTests.swift in Sources */ = {isa = PBXBuildFile; fileRef = E16CF5DC2403975C00FE5A4D /* APIRepositoryTests.swift */; };
		E16CF5DF2403976700FE5A4D /* CacheRepositoryTests.swift in Sources */ = {isa = PBXBuildFile; fileRef = E16CF5DE2403976700FE5A4D /* CacheRepositoryTests.swift */; };
		E16CF5E7240398A500FE5A4D /* StockDetailView.swift in Sources */ = {isa = PBXBuildFile; fileRef = E16CF5E6240398A500FE5A4D /* StockDetailView.swift */; };
		E16CF5E9240398FC00FE5A4D /* ViewDisplayable.swift in Sources */ = {isa = PBXBuildFile; fileRef = E16CF5E8240398FC00FE5A4D /* ViewDisplayable.swift */; };
		E19DDBC7240366D600DA039B /* StockService.swift in Sources */ = {isa = PBXBuildFile; fileRef = E19DDBC6240366D600DA039B /* StockService.swift */; };
		E1E7DC46240483E000E95C9A /* RefreshHandler.swift in Sources */ = {isa = PBXBuildFile; fileRef = E1E7DC45240483E000E95C9A /* RefreshHandler.swift */; };
		E1E7DC482404941700E95C9A /* StockTableViewCell.xib in Resources */ = {isa = PBXBuildFile; fileRef = E1E7DC472404941700E95C9A /* StockTableViewCell.xib */; };
		E1E7DC4A2404C90700E95C9A /* StockDetailPriceChartView.swift in Sources */ = {isa = PBXBuildFile; fileRef = E1E7DC492404C90700E95C9A /* StockDetailPriceChartView.swift */; };
		E1E7DC4E2404DB3C00E95C9A /* PriceChartData.swift in Sources */ = {isa = PBXBuildFile; fileRef = E1E7DC4D2404DB3C00E95C9A /* PriceChartData.swift */; };
		E1E7DC50240524AD00E95C9A /* Double+Extension.swift in Sources */ = {isa = PBXBuildFile; fileRef = E1E7DC4F240524AD00E95C9A /* Double+Extension.swift */; };
		E1E7DC52240529B500E95C9A /* UIViewController+Extensions.swift in Sources */ = {isa = PBXBuildFile; fileRef = E1E7DC51240529B500E95C9A /* UIViewController+Extensions.swift */; };
		E1E7DC542405467000E95C9A /* CacheRepository.swift in Sources */ = {isa = PBXBuildFile; fileRef = E1E7DC532405467000E95C9A /* CacheRepository.swift */; };
		E1FACABC23FFB20A00D46DB3 /* AppDelegate.swift in Sources */ = {isa = PBXBuildFile; fileRef = E1FACABB23FFB20A00D46DB3 /* AppDelegate.swift */; };
		E1FACABE23FFB20A00D46DB3 /* SceneDelegate.swift in Sources */ = {isa = PBXBuildFile; fileRef = E1FACABD23FFB20A00D46DB3 /* SceneDelegate.swift */; };
		E1FACAC623FFB20A00D46DB3 /* ZipChallenge.xcdatamodeld in Sources */ = {isa = PBXBuildFile; fileRef = E1FACAC423FFB20A00D46DB3 /* ZipChallenge.xcdatamodeld */; };
		E1FACAC823FFB20F00D46DB3 /* Assets.xcassets in Resources */ = {isa = PBXBuildFile; fileRef = E1FACAC723FFB20F00D46DB3 /* Assets.xcassets */; };
		E1FACACB23FFB20F00D46DB3 /* LaunchScreen.storyboard in Resources */ = {isa = PBXBuildFile; fileRef = E1FACAC923FFB20F00D46DB3 /* LaunchScreen.storyboard */; };
		E1FACAFB23FFB25F00D46DB3 /* StockList.swift in Sources */ = {isa = PBXBuildFile; fileRef = E1FACAE923FFB25E00D46DB3 /* StockList.swift */; };
		E1FACAFC23FFB25F00D46DB3 /* StockProfileList.swift in Sources */ = {isa = PBXBuildFile; fileRef = E1FACAEA23FFB25E00D46DB3 /* StockProfileList.swift */; };
		E1FACAFD23FFB25F00D46DB3 /* StockHistory.swift in Sources */ = {isa = PBXBuildFile; fileRef = E1FACAEB23FFB25E00D46DB3 /* StockHistory.swift */; };
		E1FACAFE23FFB25F00D46DB3 /* StockPriceList.swift in Sources */ = {isa = PBXBuildFile; fileRef = E1FACAEC23FFB25E00D46DB3 /* StockPriceList.swift */; };
		E1FACAFF23FFB25F00D46DB3 /* StockProtocols.swift in Sources */ = {isa = PBXBuildFile; fileRef = E1FACAED23FFB25E00D46DB3 /* StockProtocols.swift */; };
		E1FACB0023FFB25F00D46DB3 /* Main.storyboard in Resources */ = {isa = PBXBuildFile; fileRef = E1FACAF123FFB25E00D46DB3 /* Main.storyboard */; };
		E1FACB0123FFB25F00D46DB3 /* StockViewController.swift in Sources */ = {isa = PBXBuildFile; fileRef = E1FACAF423FFB25E00D46DB3 /* StockViewController.swift */; };
		E1FACB0323FFB25F00D46DB3 /* Date+Extensions.swift in Sources */ = {isa = PBXBuildFile; fileRef = E1FACAF823FFB25F00D46DB3 /* Date+Extensions.swift */; };
		E1FACB0A23FFBC1C00D46DB3 /* DataRepository.swift in Sources */ = {isa = PBXBuildFile; fileRef = E1FACB0923FFBC1C00D46DB3 /* DataRepository.swift */; };
		E1FACB1023FFBD5C00D46DB3 /* APIRepository.swift in Sources */ = {isa = PBXBuildFile; fileRef = E1FACB0F23FFBD5C00D46DB3 /* APIRepository.swift */; };
		E1FACB1423FFBFEB00D46DB3 /* StockDetailService.swift in Sources */ = {isa = PBXBuildFile; fileRef = E1FACB1323FFBFEB00D46DB3 /* StockDetailService.swift */; };
		E1FACB1623FFC00000D46DB3 /* FavoriteStockService.swift in Sources */ = {isa = PBXBuildFile; fileRef = E1FACB1523FFC00000D46DB3 /* FavoriteStockService.swift */; };
		E1FACB1823FFC01500D46DB3 /* SettingsService.swift in Sources */ = {isa = PBXBuildFile; fileRef = E1FACB1723FFC01500D46DB3 /* SettingsService.swift */; };
/* End PBXBuildFile section */

/* Begin PBXContainerItemProxy section */
		E1FACAD223FFB20F00D46DB3 /* PBXContainerItemProxy */ = {
			isa = PBXContainerItemProxy;
			containerPortal = E1FACAB023FFB20A00D46DB3 /* Project object */;
			proxyType = 1;
			remoteGlobalIDString = E1FACAB723FFB20A00D46DB3;
			remoteInfo = ZipChallenge;
		};
/* End PBXContainerItemProxy section */

/* Begin PBXFileReference section */
		39662845DC8BAB8FBA2ADE94 /* Pods_ZipChallengeTests.framework */ = {isa = PBXFileReference; explicitFileType = wrapper.framework; includeInIndex = 0; path = Pods_ZipChallengeTests.framework; sourceTree = BUILT_PRODUCTS_DIR; };
		5587D11F3F52E4063B7280F0 /* Pods_ZipChallenge.framework */ = {isa = PBXFileReference; explicitFileType = wrapper.framework; includeInIndex = 0; path = Pods_ZipChallenge.framework; sourceTree = BUILT_PRODUCTS_DIR; };
		AE6F523AE8DDBF2EB62D617C /* Pods-ZipChallengeTests.debug.xcconfig */ = {isa = PBXFileReference; includeInIndex = 1; lastKnownFileType = text.xcconfig; name = "Pods-ZipChallengeTests.debug.xcconfig"; path = "Target Support Files/Pods-ZipChallengeTests/Pods-ZipChallengeTests.debug.xcconfig"; sourceTree = "<group>"; };
		CE7451CD653ACFCB6B85DABC /* Pods-ZipChallenge.debug.xcconfig */ = {isa = PBXFileReference; includeInIndex = 1; lastKnownFileType = text.xcconfig; name = "Pods-ZipChallenge.debug.xcconfig"; path = "Target Support Files/Pods-ZipChallenge/Pods-ZipChallenge.debug.xcconfig"; sourceTree = "<group>"; };
		E106A85D2406B09F005F2F32 /* DateFormatter+Extension.swift */ = {isa = PBXFileReference; lastKnownFileType = sourcecode.swift; path = "DateFormatter+Extension.swift"; sourceTree = "<group>"; };
		E106A86124075485005F2F32 /* Array+Extensions.swift */ = {isa = PBXFileReference; lastKnownFileType = sourcecode.swift; path = "Array+Extensions.swift"; sourceTree = "<group>"; };
		E106A86324079B23005F2F32 /* Connectivity+Extensions.swift */ = {isa = PBXFileReference; lastKnownFileType = sourcecode.swift; path = "Connectivity+Extensions.swift"; sourceTree = "<group>"; };
		E167A5742402218E001F0DDB /* Stock+Extensions.swift */ = {isa = PBXFileReference; lastKnownFileType = sourcecode.swift; path = "Stock+Extensions.swift"; sourceTree = "<group>"; };
		E167A57624022F78001F0DDB /* StockModel.swift */ = {isa = PBXFileReference; lastKnownFileType = sourcecode.swift; path = StockModel.swift; sourceTree = "<group>"; };
		E167A5782402B4BF001F0DDB /* Error+Extensions.swift */ = {isa = PBXFileReference; lastKnownFileType = sourcecode.swift; path = "Error+Extensions.swift"; sourceTree = "<group>"; };
		E167A57A2402B958001F0DDB /* Coordinator.swift */ = {isa = PBXFileReference; lastKnownFileType = sourcecode.swift; path = Coordinator.swift; sourceTree = "<group>"; };
		E167A57C2402BDAB001F0DDB /* Errors.swift */ = {isa = PBXFileReference; lastKnownFileType = sourcecode.swift; path = Errors.swift; sourceTree = "<group>"; };
		E167A57E2402C15A001F0DDB /* StockViewModel.swift */ = {isa = PBXFileReference; lastKnownFileType = sourcecode.swift; path = StockViewModel.swift; sourceTree = "<group>"; };
		E167A5802402C16C001F0DDB /* FavoriteStockViewModel.swift */ = {isa = PBXFileReference; lastKnownFileType = sourcecode.swift; path = FavoriteStockViewModel.swift; sourceTree = "<group>"; };
		E167A5822402C180001F0DDB /* StockDetailViewModel.swift */ = {isa = PBXFileReference; lastKnownFileType = sourcecode.swift; path = StockDetailViewModel.swift; sourceTree = "<group>"; };
		E167A5842402C18F001F0DDB /* SettingsViewModel.swift */ = {isa = PBXFileReference; lastKnownFileType = sourcecode.swift; path = SettingsViewModel.swift; sourceTree = "<group>"; };
		E167A5862402C1B4001F0DDB /* FavoriteStockViewController.swift */ = {isa = PBXFileReference; lastKnownFileType = sourcecode.swift; path = FavoriteStockViewController.swift; sourceTree = "<group>"; };
		E167A5882402C1DA001F0DDB /* StockDetailViewController.swift */ = {isa = PBXFileReference; lastKnownFileType = sourcecode.swift; path = StockDetailViewController.swift; sourceTree = "<group>"; };
		E167A58A2402C1F3001F0DDB /* SettingsViewController.swift */ = {isa = PBXFileReference; lastKnownFileType = sourcecode.swift; path = SettingsViewController.swift; sourceTree = "<group>"; };
		E167A58C2402C5B8001F0DDB /* StockTableViewCell.swift */ = {isa = PBXFileReference; lastKnownFileType = sourcecode.swift; path = StockTableViewCell.swift; sourceTree = "<group>"; };
		E167A5902402D59D001F0DDB /* UIApplication+Extensions.swift */ = {isa = PBXFileReference; lastKnownFileType = sourcecode.swift; path = "UIApplication+Extensions.swift"; sourceTree = "<group>"; };
		E167A5922402E000001F0DDB /* SettingsVersionTableViewCell.swift */ = {isa = PBXFileReference; lastKnownFileType = sourcecode.swift; path = SettingsVersionTableViewCell.swift; sourceTree = "<group>"; };
		E167A5962402E030001F0DDB /* SettingsDarkModeTableViewCell.swift */ = {isa = PBXFileReference; lastKnownFileType = sourcecode.swift; path = SettingsDarkModeTableViewCell.swift; sourceTree = "<group>"; };
		E16A6C6A24069BE00052A43E /* BaseStockViewController.swift */ = {isa = PBXFileReference; lastKnownFileType = sourcecode.swift; path = BaseStockViewController.swift; sourceTree = "<group>"; };
		E16CF5D824036C2900FE5A4D /* ViewModelable.swift */ = {isa = PBXFileReference; lastKnownFileType = sourcecode.swift; path = ViewModelable.swift; sourceTree = "<group>"; };
		E16CF5DC2403975C00FE5A4D /* APIRepositoryTests.swift */ = {isa = PBXFileReference; lastKnownFileType = sourcecode.swift; path = APIRepositoryTests.swift; sourceTree = "<group>"; };
		E16CF5DE2403976700FE5A4D /* CacheRepositoryTests.swift */ = {isa = PBXFileReference; lastKnownFileType = sourcecode.swift; path = CacheRepositoryTests.swift; sourceTree = "<group>"; };
		E16CF5E6240398A500FE5A4D /* StockDetailView.swift */ = {isa = PBXFileReference; lastKnownFileType = sourcecode.swift; path = StockDetailView.swift; sourceTree = "<group>"; };
		E16CF5E8240398FC00FE5A4D /* ViewDisplayable.swift */ = {isa = PBXFileReference; lastKnownFileType = sourcecode.swift; path = ViewDisplayable.swift; sourceTree = "<group>"; };
		E19DDBC6240366D600DA039B /* StockService.swift */ = {isa = PBXFileReference; fileEncoding = 4; lastKnownFileType = sourcecode.swift; path = StockService.swift; sourceTree = "<group>"; };
		E1E7DC45240483E000E95C9A /* RefreshHandler.swift */ = {isa = PBXFileReference; lastKnownFileType = sourcecode.swift; path = RefreshHandler.swift; sourceTree = "<group>"; };
		E1E7DC472404941700E95C9A /* StockTableViewCell.xib */ = {isa = PBXFileReference; lastKnownFileType = file.xib; path = StockTableViewCell.xib; sourceTree = "<group>"; };
		E1E7DC492404C90700E95C9A /* StockDetailPriceChartView.swift */ = {isa = PBXFileReference; lastKnownFileType = sourcecode.swift; path = StockDetailPriceChartView.swift; sourceTree = "<group>"; };
		E1E7DC4D2404DB3C00E95C9A /* PriceChartData.swift */ = {isa = PBXFileReference; lastKnownFileType = sourcecode.swift; path = PriceChartData.swift; sourceTree = "<group>"; };
		E1E7DC4F240524AD00E95C9A /* Double+Extension.swift */ = {isa = PBXFileReference; lastKnownFileType = sourcecode.swift; path = "Double+Extension.swift"; sourceTree = "<group>"; };
		E1E7DC51240529B500E95C9A /* UIViewController+Extensions.swift */ = {isa = PBXFileReference; lastKnownFileType = sourcecode.swift; path = "UIViewController+Extensions.swift"; sourceTree = "<group>"; };
		E1E7DC532405467000E95C9A /* CacheRepository.swift */ = {isa = PBXFileReference; lastKnownFileType = sourcecode.swift; path = CacheRepository.swift; sourceTree = "<group>"; };
		E1FACAB823FFB20A00D46DB3 /* ZipChallenge.app */ = {isa = PBXFileReference; explicitFileType = wrapper.application; includeInIndex = 0; path = ZipChallenge.app; sourceTree = BUILT_PRODUCTS_DIR; };
		E1FACABB23FFB20A00D46DB3 /* AppDelegate.swift */ = {isa = PBXFileReference; lastKnownFileType = sourcecode.swift; path = AppDelegate.swift; sourceTree = "<group>"; };
		E1FACABD23FFB20A00D46DB3 /* SceneDelegate.swift */ = {isa = PBXFileReference; lastKnownFileType = sourcecode.swift; path = SceneDelegate.swift; sourceTree = "<group>"; };
		E1FACAC523FFB20A00D46DB3 /* ZipChallenge.xcdatamodel */ = {isa = PBXFileReference; lastKnownFileType = wrapper.xcdatamodel; path = ZipChallenge.xcdatamodel; sourceTree = "<group>"; };
		E1FACAC723FFB20F00D46DB3 /* Assets.xcassets */ = {isa = PBXFileReference; lastKnownFileType = folder.assetcatalog; path = Assets.xcassets; sourceTree = "<group>"; };
		E1FACACA23FFB20F00D46DB3 /* Base */ = {isa = PBXFileReference; lastKnownFileType = file.storyboard; name = Base; path = Base.lproj/LaunchScreen.storyboard; sourceTree = "<group>"; };
		E1FACACC23FFB20F00D46DB3 /* Info.plist */ = {isa = PBXFileReference; lastKnownFileType = text.plist.xml; path = Info.plist; sourceTree = "<group>"; };
		E1FACAD123FFB20F00D46DB3 /* ZipChallengeTests.xctest */ = {isa = PBXFileReference; explicitFileType = wrapper.cfbundle; includeInIndex = 0; path = ZipChallengeTests.xctest; sourceTree = BUILT_PRODUCTS_DIR; };
		E1FACAD723FFB20F00D46DB3 /* Info.plist */ = {isa = PBXFileReference; lastKnownFileType = text.plist.xml; path = Info.plist; sourceTree = "<group>"; };
		E1FACAE923FFB25E00D46DB3 /* StockList.swift */ = {isa = PBXFileReference; fileEncoding = 4; lastKnownFileType = sourcecode.swift; path = StockList.swift; sourceTree = "<group>"; };
		E1FACAEA23FFB25E00D46DB3 /* StockProfileList.swift */ = {isa = PBXFileReference; fileEncoding = 4; lastKnownFileType = sourcecode.swift; path = StockProfileList.swift; sourceTree = "<group>"; };
		E1FACAEB23FFB25E00D46DB3 /* StockHistory.swift */ = {isa = PBXFileReference; fileEncoding = 4; lastKnownFileType = sourcecode.swift; path = StockHistory.swift; sourceTree = "<group>"; };
		E1FACAEC23FFB25E00D46DB3 /* StockPriceList.swift */ = {isa = PBXFileReference; fileEncoding = 4; lastKnownFileType = sourcecode.swift; path = StockPriceList.swift; sourceTree = "<group>"; };
		E1FACAED23FFB25E00D46DB3 /* StockProtocols.swift */ = {isa = PBXFileReference; fileEncoding = 4; lastKnownFileType = sourcecode.swift; path = StockProtocols.swift; sourceTree = "<group>"; };
		E1FACAF223FFB25E00D46DB3 /* Base */ = {isa = PBXFileReference; lastKnownFileType = file.storyboard; name = Base; path = Base.lproj/Main.storyboard; sourceTree = "<group>"; };
		E1FACAF423FFB25E00D46DB3 /* StockViewController.swift */ = {isa = PBXFileReference; fileEncoding = 4; lastKnownFileType = sourcecode.swift; path = StockViewController.swift; sourceTree = "<group>"; };
		E1FACAF823FFB25F00D46DB3 /* Date+Extensions.swift */ = {isa = PBXFileReference; fileEncoding = 4; lastKnownFileType = sourcecode.swift; path = "Date+Extensions.swift"; sourceTree = "<group>"; };
		E1FACB0923FFBC1C00D46DB3 /* DataRepository.swift */ = {isa = PBXFileReference; lastKnownFileType = sourcecode.swift; path = DataRepository.swift; sourceTree = "<group>"; };
		E1FACB0F23FFBD5C00D46DB3 /* APIRepository.swift */ = {isa = PBXFileReference; fileEncoding = 4; lastKnownFileType = sourcecode.swift; path = APIRepository.swift; sourceTree = "<group>"; };
		E1FACB1323FFBFEB00D46DB3 /* StockDetailService.swift */ = {isa = PBXFileReference; lastKnownFileType = sourcecode.swift; path = StockDetailService.swift; sourceTree = "<group>"; };
		E1FACB1523FFC00000D46DB3 /* FavoriteStockService.swift */ = {isa = PBXFileReference; lastKnownFileType = sourcecode.swift; path = FavoriteStockService.swift; sourceTree = "<group>"; };
		E1FACB1723FFC01500D46DB3 /* SettingsService.swift */ = {isa = PBXFileReference; lastKnownFileType = sourcecode.swift; path = SettingsService.swift; sourceTree = "<group>"; };
		E215CCBCF0CB8E33D0CF0AC2 /* Pods-ZipChallenge.release.xcconfig */ = {isa = PBXFileReference; includeInIndex = 1; lastKnownFileType = text.xcconfig; name = "Pods-ZipChallenge.release.xcconfig"; path = "Target Support Files/Pods-ZipChallenge/Pods-ZipChallenge.release.xcconfig"; sourceTree = "<group>"; };
		FD0086860A18602CFB6138DC /* Pods-ZipChallengeTests.release.xcconfig */ = {isa = PBXFileReference; includeInIndex = 1; lastKnownFileType = text.xcconfig; name = "Pods-ZipChallengeTests.release.xcconfig"; path = "Target Support Files/Pods-ZipChallengeTests/Pods-ZipChallengeTests.release.xcconfig"; sourceTree = "<group>"; };
/* End PBXFileReference section */

/* Begin PBXFrameworksBuildPhase section */
		E1FACAB523FFB20A00D46DB3 /* Frameworks */ = {
			isa = PBXFrameworksBuildPhase;
			buildActionMask = 2147483647;
			files = (
				B0663707A366C3C96BBD0CF1 /* Pods_ZipChallenge.framework in Frameworks */,
			);
			runOnlyForDeploymentPostprocessing = 0;
		};
		E1FACACE23FFB20F00D46DB3 /* Frameworks */ = {
			isa = PBXFrameworksBuildPhase;
			buildActionMask = 2147483647;
			files = (
				59087E05DCAEA77665D5E550 /* Pods_ZipChallengeTests.framework in Frameworks */,
			);
			runOnlyForDeploymentPostprocessing = 0;
		};
/* End PBXFrameworksBuildPhase section */

/* Begin PBXGroup section */
		21B2B73EA867DE02E843ACA7 /* Frameworks */ = {
			isa = PBXGroup;
			children = (
				5587D11F3F52E4063B7280F0 /* Pods_ZipChallenge.framework */,
				39662845DC8BAB8FBA2ADE94 /* Pods_ZipChallengeTests.framework */,
			);
			name = Frameworks;
			sourceTree = "<group>";
		};
		2E461892782C6577759EFD4B /* Pods */ = {
			isa = PBXGroup;
			children = (
				CE7451CD653ACFCB6B85DABC /* Pods-ZipChallenge.debug.xcconfig */,
				E215CCBCF0CB8E33D0CF0AC2 /* Pods-ZipChallenge.release.xcconfig */,
				AE6F523AE8DDBF2EB62D617C /* Pods-ZipChallengeTests.debug.xcconfig */,
				FD0086860A18602CFB6138DC /* Pods-ZipChallengeTests.release.xcconfig */,
			);
			path = Pods;
			sourceTree = "<group>";
		};
		E16CF5DB2403799000FE5A4D /* CommonUI */ = {
			isa = PBXGroup;
			children = (
				E1FACAF123FFB25E00D46DB3 /* Main.storyboard */,
				E16A6C6A24069BE00052A43E /* BaseStockViewController.swift */,
				E167A58C2402C5B8001F0DDB /* StockTableViewCell.swift */,
				E1E7DC472404941700E95C9A /* StockTableViewCell.xib */,
			);
			path = CommonUI;
			sourceTree = "<group>";
		};
		E16CF5EA2403A7F500FE5A4D /* GeneralProtocols */ = {
			isa = PBXGroup;
			children = (
				E16CF5D824036C2900FE5A4D /* ViewModelable.swift */,
				E16CF5E8240398FC00FE5A4D /* ViewDisplayable.swift */,
			);
			path = GeneralProtocols;
			sourceTree = "<group>";
		};
		E1E7DC442404839000E95C9A /* HelperClasses */ = {
			isa = PBXGroup;
			children = (
				E1E7DC45240483E000E95C9A /* RefreshHandler.swift */,
			);
			path = HelperClasses;
			sourceTree = "<group>";
		};
		E1FACAAF23FFB20A00D46DB3 = {
			isa = PBXGroup;
			children = (
				E1FACABA23FFB20A00D46DB3 /* ZipChallenge */,
				E1FACAD423FFB20F00D46DB3 /* ZipChallengeTests */,
				E1FACAB923FFB20A00D46DB3 /* Products */,
				2E461892782C6577759EFD4B /* Pods */,
				21B2B73EA867DE02E843ACA7 /* Frameworks */,
			);
			sourceTree = "<group>";
		};
		E1FACAB923FFB20A00D46DB3 /* Products */ = {
			isa = PBXGroup;
			children = (
				E1FACAB823FFB20A00D46DB3 /* ZipChallenge.app */,
				E1FACAD123FFB20F00D46DB3 /* ZipChallengeTests.xctest */,
			);
			name = Products;
			sourceTree = "<group>";
		};
		E1FACABA23FFB20A00D46DB3 /* ZipChallenge */ = {
			isa = PBXGroup;
			children = (
				E1FACABB23FFB20A00D46DB3 /* AppDelegate.swift */,
				E1FACABD23FFB20A00D46DB3 /* SceneDelegate.swift */,
				E167A57A2402B958001F0DDB /* Coordinator.swift */,
				E1FACAF623FFB25F00D46DB3 /* Extensions */,
				E1E7DC442404839000E95C9A /* HelperClasses */,
				E16CF5EA2403A7F500FE5A4D /* GeneralProtocols */,
				E16CF5DB2403799000FE5A4D /* CommonUI */,
				E1FACB0E23FFBCD000D46DB3 /* Stocks */,
				E1FACB0C23FFBCD000D46DB3 /* FavoriteStocks */,
				E1FACB0D23FFBCD000D46DB3 /* StockDetails */,
				E1FACB0B23FFBCD000D46DB3 /* Settings */,
				E1FACAE623FFB25E00D46DB3 /* Repositories */,
				E1FACAE823FFB25E00D46DB3 /* Models */,
				E1FACAC723FFB20F00D46DB3 /* Assets.xcassets */,
				E1FACAC923FFB20F00D46DB3 /* LaunchScreen.storyboard */,
				E1FACACC23FFB20F00D46DB3 /* Info.plist */,
			);
			path = ZipChallenge;
			sourceTree = "<group>";
		};
		E1FACAD423FFB20F00D46DB3 /* ZipChallengeTests */ = {
			isa = PBXGroup;
			children = (
				E1FACAD723FFB20F00D46DB3 /* Info.plist */,
				E16CF5DC2403975C00FE5A4D /* APIRepositoryTests.swift */,
				E16CF5DE2403976700FE5A4D /* CacheRepositoryTests.swift */,
			);
			path = ZipChallengeTests;
			sourceTree = "<group>";
		};
		E1FACAE623FFB25E00D46DB3 /* Repositories */ = {
			isa = PBXGroup;
			children = (
				E1FACB0F23FFBD5C00D46DB3 /* APIRepository.swift */,
				E1FACB0923FFBC1C00D46DB3 /* DataRepository.swift */,
				E1E7DC532405467000E95C9A /* CacheRepository.swift */,
			);
			path = Repositories;
			sourceTree = "<group>";
		};
		E1FACAE823FFB25E00D46DB3 /* Models */ = {
			isa = PBXGroup;
			children = (
				E1FACAC423FFB20A00D46DB3 /* ZipChallenge.xcdatamodeld */,
				E1FACAED23FFB25E00D46DB3 /* StockProtocols.swift */,
				E167A5742402218E001F0DDB /* Stock+Extensions.swift */,
				E167A57624022F78001F0DDB /* StockModel.swift */,
				E1FACAE923FFB25E00D46DB3 /* StockList.swift */,
				E1FACAEA23FFB25E00D46DB3 /* StockProfileList.swift */,
				E1FACAEB23FFB25E00D46DB3 /* StockHistory.swift */,
				E1FACAEC23FFB25E00D46DB3 /* StockPriceList.swift */,
				E1E7DC4D2404DB3C00E95C9A /* PriceChartData.swift */,
				E167A57C2402BDAB001F0DDB /* Errors.swift */,
			);
			path = Models;
			sourceTree = "<group>";
		};
		E1FACAF623FFB25F00D46DB3 /* Extensions */ = {
			isa = PBXGroup;
			children = (
				E1FACAF823FFB25F00D46DB3 /* Date+Extensions.swift */,
				E106A85D2406B09F005F2F32 /* DateFormatter+Extension.swift */,
				E167A5782402B4BF001F0DDB /* Error+Extensions.swift */,
				E167A5902402D59D001F0DDB /* UIApplication+Extensions.swift */,
				E1E7DC4F240524AD00E95C9A /* Double+Extension.swift */,
				E1E7DC51240529B500E95C9A /* UIViewController+Extensions.swift */,
				E106A86124075485005F2F32 /* Array+Extensions.swift */,
				E106A86324079B23005F2F32 /* Connectivity+Extensions.swift */,
			);
			path = Extensions;
			sourceTree = "<group>";
		};
		E1FACB0B23FFBCD000D46DB3 /* Settings */ = {
			isa = PBXGroup;
			children = (
				E167A5962402E030001F0DDB /* SettingsDarkModeTableViewCell.swift */,
				E167A5922402E000001F0DDB /* SettingsVersionTableViewCell.swift */,
				E167A58A2402C1F3001F0DDB /* SettingsViewController.swift */,
				E167A5842402C18F001F0DDB /* SettingsViewModel.swift */,
				E1FACB1723FFC01500D46DB3 /* SettingsService.swift */,
			);
			path = Settings;
			sourceTree = "<group>";
		};
		E1FACB0C23FFBCD000D46DB3 /* FavoriteStocks */ = {
			isa = PBXGroup;
			children = (
				E167A5862402C1B4001F0DDB /* FavoriteStockViewController.swift */,
				E167A5802402C16C001F0DDB /* FavoriteStockViewModel.swift */,
				E1FACB1523FFC00000D46DB3 /* FavoriteStockService.swift */,
			);
			path = FavoriteStocks;
			sourceTree = "<group>";
		};
		E1FACB0D23FFBCD000D46DB3 /* StockDetails */ = {
			isa = PBXGroup;
			children = (
				E16CF5E6240398A500FE5A4D /* StockDetailView.swift */,
				E1E7DC492404C90700E95C9A /* StockDetailPriceChartView.swift */,
				E167A5882402C1DA001F0DDB /* StockDetailViewController.swift */,
				E167A5822402C180001F0DDB /* StockDetailViewModel.swift */,
				E1FACB1323FFBFEB00D46DB3 /* StockDetailService.swift */,
			);
			path = StockDetails;
			sourceTree = "<group>";
		};
		E1FACB0E23FFBCD000D46DB3 /* Stocks */ = {
			isa = PBXGroup;
			children = (
				E1FACAF423FFB25E00D46DB3 /* StockViewController.swift */,
				E167A57E2402C15A001F0DDB /* StockViewModel.swift */,
				E19DDBC6240366D600DA039B /* StockService.swift */,
			);
			path = Stocks;
			sourceTree = "<group>";
		};
/* End PBXGroup section */

/* Begin PBXNativeTarget section */
		E1FACAB723FFB20A00D46DB3 /* ZipChallenge */ = {
			isa = PBXNativeTarget;
			buildConfigurationList = E1FACADA23FFB20F00D46DB3 /* Build configuration list for PBXNativeTarget "ZipChallenge" */;
			buildPhases = (
				F4E52879A53E947738BC98F0 /* [CP] Check Pods Manifest.lock */,
				E1FACAB423FFB20A00D46DB3 /* Sources */,
				E1FACAB523FFB20A00D46DB3 /* Frameworks */,
				E1FACAB623FFB20A00D46DB3 /* Resources */,
				CF27130A31B7F070A9C1FC0D /* [CP] Embed Pods Frameworks */,
			);
			buildRules = (
			);
			dependencies = (
			);
			name = ZipChallenge;
			productName = ZipChallenge;
			productReference = E1FACAB823FFB20A00D46DB3 /* ZipChallenge.app */;
			productType = "com.apple.product-type.application";
		};
		E1FACAD023FFB20F00D46DB3 /* ZipChallengeTests */ = {
			isa = PBXNativeTarget;
			buildConfigurationList = E1FACADD23FFB20F00D46DB3 /* Build configuration list for PBXNativeTarget "ZipChallengeTests" */;
			buildPhases = (
				519BB6800DF641E38D8C7F95 /* [CP] Check Pods Manifest.lock */,
				E1FACACD23FFB20F00D46DB3 /* Sources */,
				E1FACACE23FFB20F00D46DB3 /* Frameworks */,
				E1FACACF23FFB20F00D46DB3 /* Resources */,
			);
			buildRules = (
			);
			dependencies = (
				E1FACAD323FFB20F00D46DB3 /* PBXTargetDependency */,
			);
			name = ZipChallengeTests;
			productName = ZipChallengeTests;
			productReference = E1FACAD123FFB20F00D46DB3 /* ZipChallengeTests.xctest */;
			productType = "com.apple.product-type.bundle.unit-test";
		};
/* End PBXNativeTarget section */

/* Begin PBXProject section */
		E1FACAB023FFB20A00D46DB3 /* Project object */ = {
			isa = PBXProject;
			attributes = {
				LastSwiftUpdateCheck = 1120;
				LastUpgradeCheck = 1120;
				ORGANIZATIONNAME = "Robert Bernardini";
				TargetAttributes = {
					E1FACAB723FFB20A00D46DB3 = {
						CreatedOnToolsVersion = 11.2.1;
					};
					E1FACAD023FFB20F00D46DB3 = {
						CreatedOnToolsVersion = 11.2.1;
						TestTargetID = E1FACAB723FFB20A00D46DB3;
					};
				};
			};
			buildConfigurationList = E1FACAB323FFB20A00D46DB3 /* Build configuration list for PBXProject "ZipChallenge" */;
			compatibilityVersion = "Xcode 9.3";
			developmentRegion = en;
			hasScannedForEncodings = 0;
			knownRegions = (
				en,
				Base,
			);
			mainGroup = E1FACAAF23FFB20A00D46DB3;
			productRefGroup = E1FACAB923FFB20A00D46DB3 /* Products */;
			projectDirPath = "";
			projectRoot = "";
			targets = (
				E1FACAB723FFB20A00D46DB3 /* ZipChallenge */,
				E1FACAD023FFB20F00D46DB3 /* ZipChallengeTests */,
			);
		};
/* End PBXProject section */

/* Begin PBXResourcesBuildPhase section */
		E1FACAB623FFB20A00D46DB3 /* Resources */ = {
			isa = PBXResourcesBuildPhase;
			buildActionMask = 2147483647;
			files = (
				E1FACACB23FFB20F00D46DB3 /* LaunchScreen.storyboard in Resources */,
				E1FACAC823FFB20F00D46DB3 /* Assets.xcassets in Resources */,
				E1E7DC482404941700E95C9A /* StockTableViewCell.xib in Resources */,
				E1FACB0023FFB25F00D46DB3 /* Main.storyboard in Resources */,
			);
			runOnlyForDeploymentPostprocessing = 0;
		};
		E1FACACF23FFB20F00D46DB3 /* Resources */ = {
			isa = PBXResourcesBuildPhase;
			buildActionMask = 2147483647;
			files = (
			);
			runOnlyForDeploymentPostprocessing = 0;
		};
/* End PBXResourcesBuildPhase section */

/* Begin PBXShellScriptBuildPhase section */
		519BB6800DF641E38D8C7F95 /* [CP] Check Pods Manifest.lock */ = {
			isa = PBXShellScriptBuildPhase;
			buildActionMask = 2147483647;
			files = (
			);
			inputFileListPaths = (
			);
			inputPaths = (
				"${PODS_PODFILE_DIR_PATH}/Podfile.lock",
				"${PODS_ROOT}/Manifest.lock",
			);
			name = "[CP] Check Pods Manifest.lock";
			outputFileListPaths = (
			);
			outputPaths = (
				"$(DERIVED_FILE_DIR)/Pods-ZipChallengeTests-checkManifestLockResult.txt",
			);
			runOnlyForDeploymentPostprocessing = 0;
			shellPath = /bin/sh;
			shellScript = "diff \"${PODS_PODFILE_DIR_PATH}/Podfile.lock\" \"${PODS_ROOT}/Manifest.lock\" > /dev/null\nif [ $? != 0 ] ; then\n    # print error to STDERR\n    echo \"error: The sandbox is not in sync with the Podfile.lock. Run 'pod install' or update your CocoaPods installation.\" >&2\n    exit 1\nfi\n# This output is used by Xcode 'outputs' to avoid re-running this script phase.\necho \"SUCCESS\" > \"${SCRIPT_OUTPUT_FILE_0}\"\n";
			showEnvVarsInLog = 0;
		};
		CF27130A31B7F070A9C1FC0D /* [CP] Embed Pods Frameworks */ = {
			isa = PBXShellScriptBuildPhase;
			buildActionMask = 2147483647;
			files = (
			);
			inputFileListPaths = (
				"${PODS_ROOT}/Target Support Files/Pods-ZipChallenge/Pods-ZipChallenge-frameworks-${CONFIGURATION}-input-files.xcfilelist",
			);
			name = "[CP] Embed Pods Frameworks";
			outputFileListPaths = (
				"${PODS_ROOT}/Target Support Files/Pods-ZipChallenge/Pods-ZipChallenge-frameworks-${CONFIGURATION}-output-files.xcfilelist",
			);
			runOnlyForDeploymentPostprocessing = 0;
			shellPath = /bin/sh;
			shellScript = "\"${PODS_ROOT}/Target Support Files/Pods-ZipChallenge/Pods-ZipChallenge-frameworks.sh\"\n";
			showEnvVarsInLog = 0;
		};
		F4E52879A53E947738BC98F0 /* [CP] Check Pods Manifest.lock */ = {
			isa = PBXShellScriptBuildPhase;
			buildActionMask = 2147483647;
			files = (
			);
			inputFileListPaths = (
			);
			inputPaths = (
				"${PODS_PODFILE_DIR_PATH}/Podfile.lock",
				"${PODS_ROOT}/Manifest.lock",
			);
			name = "[CP] Check Pods Manifest.lock";
			outputFileListPaths = (
			);
			outputPaths = (
				"$(DERIVED_FILE_DIR)/Pods-ZipChallenge-checkManifestLockResult.txt",
			);
			runOnlyForDeploymentPostprocessing = 0;
			shellPath = /bin/sh;
			shellScript = "diff \"${PODS_PODFILE_DIR_PATH}/Podfile.lock\" \"${PODS_ROOT}/Manifest.lock\" > /dev/null\nif [ $? != 0 ] ; then\n    # print error to STDERR\n    echo \"error: The sandbox is not in sync with the Podfile.lock. Run 'pod install' or update your CocoaPods installation.\" >&2\n    exit 1\nfi\n# This output is used by Xcode 'outputs' to avoid re-running this script phase.\necho \"SUCCESS\" > \"${SCRIPT_OUTPUT_FILE_0}\"\n";
			showEnvVarsInLog = 0;
		};
/* End PBXShellScriptBuildPhase section */

/* Begin PBXSourcesBuildPhase section */
		E1FACAB423FFB20A00D46DB3 /* Sources */ = {
			isa = PBXSourcesBuildPhase;
			buildActionMask = 2147483647;
			files = (
				E1FACAFF23FFB25F00D46DB3 /* StockProtocols.swift in Sources */,
				E106A86224075485005F2F32 /* Array+Extensions.swift in Sources */,
				E1FACAFB23FFB25F00D46DB3 /* StockList.swift in Sources */,
				E1FACB0123FFB25F00D46DB3 /* StockViewController.swift in Sources */,
				E16CF5E9240398FC00FE5A4D /* ViewDisplayable.swift in Sources */,
				E1FACB1823FFC01500D46DB3 /* SettingsService.swift in Sources */,
				E167A57B2402B958001F0DDB /* Coordinator.swift in Sources */,
				E106A86424079B23005F2F32 /* Connectivity+Extensions.swift in Sources */,
				E167A57F2402C15A001F0DDB /* StockViewModel.swift in Sources */,
				E1FACAFC23FFB25F00D46DB3 /* StockProfileList.swift in Sources */,
				E167A5892402C1DA001F0DDB /* StockDetailViewController.swift in Sources */,
				E167A5932402E000001F0DDB /* SettingsVersionTableViewCell.swift in Sources */,
				E167A5912402D59D001F0DDB /* UIApplication+Extensions.swift in Sources */,
				E1E7DC542405467000E95C9A /* CacheRepository.swift in Sources */,
				E167A58D2402C5B8001F0DDB /* StockTableViewCell.swift in Sources */,
				E19DDBC7240366D600DA039B /* StockService.swift in Sources */,
				E1FACAFE23FFB25F00D46DB3 /* StockPriceList.swift in Sources */,
				E167A5752402218E001F0DDB /* Stock+Extensions.swift in Sources */,
				E1FACAFD23FFB25F00D46DB3 /* StockHistory.swift in Sources */,
				E1FACB0323FFB25F00D46DB3 /* Date+Extensions.swift in Sources */,
				E1FACB1423FFBFEB00D46DB3 /* StockDetailService.swift in Sources */,
				E167A5832402C180001F0DDB /* StockDetailViewModel.swift in Sources */,
				E1FACB1623FFC00000D46DB3 /* FavoriteStockService.swift in Sources */,
				E1FACABC23FFB20A00D46DB3 /* AppDelegate.swift in Sources */,
				E1FACB1023FFBD5C00D46DB3 /* APIRepository.swift in Sources */,
				E16CF5D924036C2900FE5A4D /* ViewModelable.swift in Sources */,
				E167A5872402C1B4001F0DDB /* FavoriteStockViewController.swift in Sources */,
				E1E7DC50240524AD00E95C9A /* Double+Extension.swift in Sources */,
				E167A57724022F78001F0DDB /* StockModel.swift in Sources */,
				E1E7DC46240483E000E95C9A /* RefreshHandler.swift in Sources */,
				E1E7DC4A2404C90700E95C9A /* StockDetailPriceChartView.swift in Sources */,
				E167A57D2402BDAB001F0DDB /* Errors.swift in Sources */,
				E1E7DC52240529B500E95C9A /* UIViewController+Extensions.swift in Sources */,
				E167A58B2402C1F3001F0DDB /* SettingsViewController.swift in Sources */,
				E167A5792402B4BF001F0DDB /* Error+Extensions.swift in Sources */,
				E1FACABE23FFB20A00D46DB3 /* SceneDelegate.swift in Sources */,
				E1FACAC623FFB20A00D46DB3 /* ZipChallenge.xcdatamodeld in Sources */,
				E167A5812402C16C001F0DDB /* FavoriteStockViewModel.swift in Sources */,
				E1FACB0A23FFBC1C00D46DB3 /* DataRepository.swift in Sources */,
				E1E7DC4E2404DB3C00E95C9A /* PriceChartData.swift in Sources */,
				E167A5852402C18F001F0DDB /* SettingsViewModel.swift in Sources */,
				E16A6C6B24069BE00052A43E /* BaseStockViewController.swift in Sources */,
				E16CF5E7240398A500FE5A4D /* StockDetailView.swift in Sources */,
				E106A85E2406B09F005F2F32 /* DateFormatter+Extension.swift in Sources */,
				E167A5972402E030001F0DDB /* SettingsDarkModeTableViewCell.swift in Sources */,
			);
			runOnlyForDeploymentPostprocessing = 0;
		};
		E1FACACD23FFB20F00D46DB3 /* Sources */ = {
			isa = PBXSourcesBuildPhase;
			buildActionMask = 2147483647;
			files = (
				E16CF5DD2403975C00FE5A4D /* APIRepositoryTests.swift in Sources */,
				E16CF5DF2403976700FE5A4D /* CacheRepositoryTests.swift in Sources */,
			);
			runOnlyForDeploymentPostprocessing = 0;
		};
/* End PBXSourcesBuildPhase section */

/* Begin PBXTargetDependency section */
		E1FACAD323FFB20F00D46DB3 /* PBXTargetDependency */ = {
			isa = PBXTargetDependency;
			target = E1FACAB723FFB20A00D46DB3 /* ZipChallenge */;
			targetProxy = E1FACAD223FFB20F00D46DB3 /* PBXContainerItemProxy */;
		};
/* End PBXTargetDependency section */

/* Begin PBXVariantGroup section */
		E1FACAC923FFB20F00D46DB3 /* LaunchScreen.storyboard */ = {
			isa = PBXVariantGroup;
			children = (
				E1FACACA23FFB20F00D46DB3 /* Base */,
			);
			name = LaunchScreen.storyboard;
			sourceTree = "<group>";
		};
		E1FACAF123FFB25E00D46DB3 /* Main.storyboard */ = {
			isa = PBXVariantGroup;
			children = (
				E1FACAF223FFB25E00D46DB3 /* Base */,
			);
			name = Main.storyboard;
			sourceTree = "<group>";
		};
/* End PBXVariantGroup section */

/* Begin XCBuildConfiguration section */
		E1FACAD823FFB20F00D46DB3 /* Debug */ = {
			isa = XCBuildConfiguration;
			buildSettings = {
				ALWAYS_SEARCH_USER_PATHS = NO;
				CLANG_ANALYZER_NONNULL = YES;
				CLANG_ANALYZER_NUMBER_OBJECT_CONVERSION = YES_AGGRESSIVE;
				CLANG_CXX_LANGUAGE_STANDARD = "gnu++14";
				CLANG_CXX_LIBRARY = "libc++";
				CLANG_ENABLE_MODULES = YES;
				CLANG_ENABLE_OBJC_ARC = YES;
				CLANG_ENABLE_OBJC_WEAK = YES;
				CLANG_WARN_BLOCK_CAPTURE_AUTORELEASING = YES;
				CLANG_WARN_BOOL_CONVERSION = YES;
				CLANG_WARN_COMMA = YES;
				CLANG_WARN_CONSTANT_CONVERSION = YES;
				CLANG_WARN_DEPRECATED_OBJC_IMPLEMENTATIONS = YES;
				CLANG_WARN_DIRECT_OBJC_ISA_USAGE = YES_ERROR;
				CLANG_WARN_DOCUMENTATION_COMMENTS = YES;
				CLANG_WARN_EMPTY_BODY = YES;
				CLANG_WARN_ENUM_CONVERSION = YES;
				CLANG_WARN_INFINITE_RECURSION = YES;
				CLANG_WARN_INT_CONVERSION = YES;
				CLANG_WARN_NON_LITERAL_NULL_CONVERSION = YES;
				CLANG_WARN_OBJC_IMPLICIT_RETAIN_SELF = YES;
				CLANG_WARN_OBJC_LITERAL_CONVERSION = YES;
				CLANG_WARN_OBJC_ROOT_CLASS = YES_ERROR;
				CLANG_WARN_RANGE_LOOP_ANALYSIS = YES;
				CLANG_WARN_STRICT_PROTOTYPES = YES;
				CLANG_WARN_SUSPICIOUS_MOVE = YES;
				CLANG_WARN_UNGUARDED_AVAILABILITY = YES_AGGRESSIVE;
				CLANG_WARN_UNREACHABLE_CODE = YES;
				CLANG_WARN__DUPLICATE_METHOD_MATCH = YES;
				COPY_PHASE_STRIP = NO;
				DEBUG_INFORMATION_FORMAT = dwarf;
				ENABLE_STRICT_OBJC_MSGSEND = YES;
				ENABLE_TESTABILITY = YES;
				GCC_C_LANGUAGE_STANDARD = gnu11;
				GCC_DYNAMIC_NO_PIC = NO;
				GCC_NO_COMMON_BLOCKS = YES;
				GCC_OPTIMIZATION_LEVEL = 0;
				GCC_PREPROCESSOR_DEFINITIONS = (
					"DEBUG=1",
					"$(inherited)",
				);
				GCC_WARN_64_TO_32_BIT_CONVERSION = YES;
				GCC_WARN_ABOUT_RETURN_TYPE = YES_ERROR;
				GCC_WARN_UNDECLARED_SELECTOR = YES;
				GCC_WARN_UNINITIALIZED_AUTOS = YES_AGGRESSIVE;
				GCC_WARN_UNUSED_FUNCTION = YES;
				GCC_WARN_UNUSED_VARIABLE = YES;
				IPHONEOS_DEPLOYMENT_TARGET = 13.2;
				MTL_ENABLE_DEBUG_INFO = INCLUDE_SOURCE;
				MTL_FAST_MATH = YES;
				ONLY_ACTIVE_ARCH = YES;
				SDKROOT = iphoneos;
				SWIFT_ACTIVE_COMPILATION_CONDITIONS = DEBUG;
				SWIFT_OPTIMIZATION_LEVEL = "-Onone";
			};
			name = Debug;
		};
		E1FACAD923FFB20F00D46DB3 /* Release */ = {
			isa = XCBuildConfiguration;
			buildSettings = {
				ALWAYS_SEARCH_USER_PATHS = NO;
				CLANG_ANALYZER_NONNULL = YES;
				CLANG_ANALYZER_NUMBER_OBJECT_CONVERSION = YES_AGGRESSIVE;
				CLANG_CXX_LANGUAGE_STANDARD = "gnu++14";
				CLANG_CXX_LIBRARY = "libc++";
				CLANG_ENABLE_MODULES = YES;
				CLANG_ENABLE_OBJC_ARC = YES;
				CLANG_ENABLE_OBJC_WEAK = YES;
				CLANG_WARN_BLOCK_CAPTURE_AUTORELEASING = YES;
				CLANG_WARN_BOOL_CONVERSION = YES;
				CLANG_WARN_COMMA = YES;
				CLANG_WARN_CONSTANT_CONVERSION = YES;
				CLANG_WARN_DEPRECATED_OBJC_IMPLEMENTATIONS = YES;
				CLANG_WARN_DIRECT_OBJC_ISA_USAGE = YES_ERROR;
				CLANG_WARN_DOCUMENTATION_COMMENTS = YES;
				CLANG_WARN_EMPTY_BODY = YES;
				CLANG_WARN_ENUM_CONVERSION = YES;
				CLANG_WARN_INFINITE_RECURSION = YES;
				CLANG_WARN_INT_CONVERSION = YES;
				CLANG_WARN_NON_LITERAL_NULL_CONVERSION = YES;
				CLANG_WARN_OBJC_IMPLICIT_RETAIN_SELF = YES;
				CLANG_WARN_OBJC_LITERAL_CONVERSION = YES;
				CLANG_WARN_OBJC_ROOT_CLASS = YES_ERROR;
				CLANG_WARN_RANGE_LOOP_ANALYSIS = YES;
				CLANG_WARN_STRICT_PROTOTYPES = YES;
				CLANG_WARN_SUSPICIOUS_MOVE = YES;
				CLANG_WARN_UNGUARDED_AVAILABILITY = YES_AGGRESSIVE;
				CLANG_WARN_UNREACHABLE_CODE = YES;
				CLANG_WARN__DUPLICATE_METHOD_MATCH = YES;
				COPY_PHASE_STRIP = NO;
				DEBUG_INFORMATION_FORMAT = "dwarf-with-dsym";
				ENABLE_NS_ASSERTIONS = NO;
				ENABLE_STRICT_OBJC_MSGSEND = YES;
				GCC_C_LANGUAGE_STANDARD = gnu11;
				GCC_NO_COMMON_BLOCKS = YES;
				GCC_WARN_64_TO_32_BIT_CONVERSION = YES;
				GCC_WARN_ABOUT_RETURN_TYPE = YES_ERROR;
				GCC_WARN_UNDECLARED_SELECTOR = YES;
				GCC_WARN_UNINITIALIZED_AUTOS = YES_AGGRESSIVE;
				GCC_WARN_UNUSED_FUNCTION = YES;
				GCC_WARN_UNUSED_VARIABLE = YES;
				IPHONEOS_DEPLOYMENT_TARGET = 13.2;
				MTL_ENABLE_DEBUG_INFO = NO;
				MTL_FAST_MATH = YES;
				SDKROOT = iphoneos;
				SWIFT_COMPILATION_MODE = wholemodule;
				SWIFT_OPTIMIZATION_LEVEL = "-O";
				VALIDATE_PRODUCT = YES;
			};
			name = Release;
		};
		E1FACADB23FFB20F00D46DB3 /* Debug */ = {
			isa = XCBuildConfiguration;
			baseConfigurationReference = CE7451CD653ACFCB6B85DABC /* Pods-ZipChallenge.debug.xcconfig */;
			buildSettings = {
				ASSETCATALOG_COMPILER_APPICON_NAME = AppIcon;
				CODE_SIGN_STYLE = Automatic;
				DEVELOPMENT_TEAM = 6BXYSBQ6LF;
				INFOPLIST_FILE = ZipChallenge/Info.plist;
				LD_RUNPATH_SEARCH_PATHS = (
					"$(inherited)",
					"@executable_path/Frameworks",
				);
				PRODUCT_BUNDLE_IDENTIFIER = com.robertbernardini.ZipChallenge;
				PRODUCT_NAME = "$(TARGET_NAME)";
				SWIFT_VERSION = 5.0;
				TARGETED_DEVICE_FAMILY = "1,2";
			};
			name = Debug;
		};
		E1FACADC23FFB20F00D46DB3 /* Release */ = {
			isa = XCBuildConfiguration;
			baseConfigurationReference = E215CCBCF0CB8E33D0CF0AC2 /* Pods-ZipChallenge.release.xcconfig */;
			buildSettings = {
				ASSETCATALOG_COMPILER_APPICON_NAME = AppIcon;
				CODE_SIGN_STYLE = Automatic;
				DEVELOPMENT_TEAM = 6BXYSBQ6LF;
				INFOPLIST_FILE = ZipChallenge/Info.plist;
				LD_RUNPATH_SEARCH_PATHS = (
					"$(inherited)",
					"@executable_path/Frameworks",
				);
				PRODUCT_BUNDLE_IDENTIFIER = com.robertbernardini.ZipChallenge;
				PRODUCT_NAME = "$(TARGET_NAME)";
				SWIFT_VERSION = 5.0;
				TARGETED_DEVICE_FAMILY = "1,2";
			};
			name = Release;
		};
		E1FACADE23FFB20F00D46DB3 /* Debug */ = {
			isa = XCBuildConfiguration;
			baseConfigurationReference = AE6F523AE8DDBF2EB62D617C /* Pods-ZipChallengeTests.debug.xcconfig */;
			buildSettings = {
				ALWAYS_EMBED_SWIFT_STANDARD_LIBRARIES = YES;
				BUNDLE_LOADER = "$(TEST_HOST)";
				CODE_SIGN_STYLE = Automatic;
				DEVELOPMENT_TEAM = 6BXYSBQ6LF;
				INFOPLIST_FILE = ZipChallengeTests/Info.plist;
				IPHONEOS_DEPLOYMENT_TARGET = 13.2;
				LD_RUNPATH_SEARCH_PATHS = (
					"$(inherited)",
					"@executable_path/Frameworks",
					"@loader_path/Frameworks",
				);
				PRODUCT_BUNDLE_IDENTIFIER = com.robertbernardini.ZipChallengeTests;
				PRODUCT_NAME = "$(TARGET_NAME)";
				SWIFT_VERSION = 5.0;
				TARGETED_DEVICE_FAMILY = "1,2";
				TEST_HOST = "$(BUILT_PRODUCTS_DIR)/ZipChallenge.app/ZipChallenge";
			};
			name = Debug;
		};
		E1FACADF23FFB20F00D46DB3 /* Release */ = {
			isa = XCBuildConfiguration;
			baseConfigurationReference = FD0086860A18602CFB6138DC /* Pods-ZipChallengeTests.release.xcconfig */;
			buildSettings = {
				ALWAYS_EMBED_SWIFT_STANDARD_LIBRARIES = YES;
				BUNDLE_LOADER = "$(TEST_HOST)";
				CODE_SIGN_STYLE = Automatic;
				DEVELOPMENT_TEAM = 6BXYSBQ6LF;
				INFOPLIST_FILE = ZipChallengeTests/Info.plist;
				IPHONEOS_DEPLOYMENT_TARGET = 13.2;
				LD_RUNPATH_SEARCH_PATHS = (
					"$(inherited)",
					"@executable_path/Frameworks",
					"@loader_path/Frameworks",
				);
				PRODUCT_BUNDLE_IDENTIFIER = com.robertbernardini.ZipChallengeTests;
				PRODUCT_NAME = "$(TARGET_NAME)";
				SWIFT_VERSION = 5.0;
				TARGETED_DEVICE_FAMILY = "1,2";
				TEST_HOST = "$(BUILT_PRODUCTS_DIR)/ZipChallenge.app/ZipChallenge";
			};
			name = Release;
		};
/* End XCBuildConfiguration section */

/* Begin XCConfigurationList section */
		E1FACAB323FFB20A00D46DB3 /* Build configuration list for PBXProject "ZipChallenge" */ = {
			isa = XCConfigurationList;
			buildConfigurations = (
				E1FACAD823FFB20F00D46DB3 /* Debug */,
				E1FACAD923FFB20F00D46DB3 /* Release */,
			);
			defaultConfigurationIsVisible = 0;
			defaultConfigurationName = Release;
		};
		E1FACADA23FFB20F00D46DB3 /* Build configuration list for PBXNativeTarget "ZipChallenge" */ = {
			isa = XCConfigurationList;
			buildConfigurations = (
				E1FACADB23FFB20F00D46DB3 /* Debug */,
				E1FACADC23FFB20F00D46DB3 /* Release */,
			);
			defaultConfigurationIsVisible = 0;
			defaultConfigurationName = Release;
		};
		E1FACADD23FFB20F00D46DB3 /* Build configuration list for PBXNativeTarget "ZipChallengeTests" */ = {
			isa = XCConfigurationList;
			buildConfigurations = (
				E1FACADE23FFB20F00D46DB3 /* Debug */,
				E1FACADF23FFB20F00D46DB3 /* Release */,
			);
			defaultConfigurationIsVisible = 0;
			defaultConfigurationName = Release;
		};
/* End XCConfigurationList section */

/* Begin XCVersionGroup section */
		E1FACAC423FFB20A00D46DB3 /* ZipChallenge.xcdatamodeld */ = {
			isa = XCVersionGroup;
			children = (
				E1FACAC523FFB20A00D46DB3 /* ZipChallenge.xcdatamodel */,
			);
			currentVersion = E1FACAC523FFB20A00D46DB3 /* ZipChallenge.xcdatamodel */;
			path = ZipChallenge.xcdatamodeld;
			sourceTree = "<group>";
			versionGroupType = wrapper.xcdatamodel;
		};
/* End XCVersionGroup section */
	};
	rootObject = E1FACAB023FFB20A00D46DB3 /* Project object */;
}
